
Microsoft Visual Studio Solution File, Format Version 12.00
# Visual Studio Version 17
VisualStudioVersion = 17.0.31903.59
MinimumVisualStudioVersion = 10.0.40219.1
Project("{9A19103F-16F7-4668-BE54-9A1E7A4F7556}") = "BlogApi", "BlogApi\BlogApi.csproj", "{BE4ADBED-8ECC-4BAA-9F95-45109AD9FED4}"
EndProject
Project("{9A19103F-16F7-4668-BE54-9A1E7A4F7556}") = "HotReloadDemo6", "HotReloadDemo6\HotReloadDemo6.csproj", "{DC3CB858-C9B7-4785-A131-983DED828825}"
EndProject
Project("{FAE04EC0-301F-11D3-BF4B-00C04F79EFBC}") = "Features", "Features\Features.csproj", "{F2235D5D-D8DC-4E1A-A889-F2DE23B723EF}"
EndProject
Global
	GlobalSection(SolutionConfigurationPlatforms) = preSolution
		Debug|Any CPU = Debug|Any CPU
		Release|Any CPU = Release|Any CPU
	EndGlobalSection
	GlobalSection(ProjectConfigurationPlatforms) = postSolution
		{BE4ADBED-8ECC-4BAA-9F95-45109AD9FED4}.Debug|Any CPU.ActiveCfg = Debug|Any CPU
		{BE4ADBED-8ECC-4BAA-9F95-45109AD9FED4}.Debug|Any CPU.Build.0 = Debug|Any CPU
		{BE4ADBED-8ECC-4BAA-9F95-45109AD9FED4}.Release|Any CPU.ActiveCfg = Release|Any CPU
		{BE4ADBED-8ECC-4BAA-9F95-45109AD9FED4}.Release|Any CPU.Build.0 = Release|Any CPU
		{DC3CB858-C9B7-4785-A131-983DED828825}.Debug|Any CPU.ActiveCfg = Debug|Any CPU
		{DC3CB858-C9B7-4785-A131-983DED828825}.Debug|Any CPU.Build.0 = Debug|Any CPU
		{DC3CB858-C9B7-4785-A131-983DED828825}.Release|Any CPU.ActiveCfg = Release|Any CPU
		{DC3CB858-C9B7-4785-A131-983DED828825}.Release|Any CPU.Build.0 = Release|Any CPU
		{F2235D5D-D8DC-4E1A-A889-F2DE23B723EF}.Debug|Any CPU.ActiveCfg = Debug|Any CPU
		{F2235D5D-D8DC-4E1A-A889-F2DE23B723EF}.Debug|Any CPU.Build.0 = Debug|Any CPU
		{F2235D5D-D8DC-4E1A-A889-F2DE23B723EF}.Release|Any CPU.ActiveCfg = Release|Any CPU
		{F2235D5D-D8DC-4E1A-A889-F2DE23B723EF}.Release|Any CPU.Build.0 = Release|Any CPU
	EndGlobalSection
	GlobalSection(SolutionProperties) = preSolution
		HideSolutionNode = FALSE
	EndGlobalSection
	GlobalSection(ExtensibilityGlobals) = postSolution
		SolutionGuid = {AA7C519C-E343-465C-A757-9D02C332ACFC}
	EndGlobalSection
EndGlobal
